
Microsoft Visual Studio Solution File, Format Version 12.00
# Visual Studio Version 16
VisualStudioVersion = 16.0.30128.74
MinimumVisualStudioVersion = 10.0.40219.1
Project("{FAE04EC0-301F-11D3-BF4B-00C04F79EFBC}") = "Integrador", "Integrador.csproj", "{A447DF3B-2831-4EA7-9802-037BD5453F0C}"
EndProject
Global
	GlobalSection(SolutionConfigurationPlatforms) = preSolution
		Debug|Any CPU = Debug|Any CPU
		Release|Any CPU = Release|Any CPU
	EndGlobalSection
	GlobalSection(ProjectConfigurationPlatforms) = postSolution
		{A447DF3B-2831-4EA7-9802-037BD5453F0C}.Debug|Any CPU.ActiveCfg = Debug|Any CPU
		{A447DF3B-2831-4EA7-9802-037BD5453F0C}.Debug|Any CPU.Build.0 = Debug|Any CPU
		{A447DF3B-2831-4EA7-9802-037BD5453F0C}.Release|Any CPU.ActiveCfg = Release|Any CPU
		{A447DF3B-2831-4EA7-9802-037BD5453F0C}.Release|Any CPU.Build.0 = Release|Any CPU
	EndGlobalSection
	GlobalSection(SolutionProperties) = preSolution
		HideSolutionNode = FALSE
	EndGlobalSection
	GlobalSection(ExtensibilityGlobals) = postSolution
		SolutionGuid = {F314F021-EBC8-4413-AB12-F56CA9B724C9}
	EndGlobalSection
EndGlobal
